
Microsoft Visual Studio Solution File, Format Version 12.00
# Visual Studio Version 17
VisualStudioVersion = 17.9.34728.123
MinimumVisualStudioVersion = 10.0.40219.1
Project("{FAE04EC0-301F-11D3-BF4B-00C04F79EFBC}") = "IDSTest_DataStructure", "IDSTest_DataStructure.csproj", "{8CF4DB9E-9093-4B17-BBA0-26E841F6FFD8}"
EndProject
Global
	GlobalSection(SolutionConfigurationPlatforms) = preSolution
		Debug|Any CPU = Debug|Any CPU
		Release|Any CPU = Release|Any CPU
	EndGlobalSection
	GlobalSection(ProjectConfigurationPlatforms) = postSolution
		{8CF4DB9E-9093-4B17-BBA0-26E841F6FFD8}.Debug|Any CPU.ActiveCfg = Debug|Any CPU
		{8CF4DB9E-9093-4B17-BBA0-26E841F6FFD8}.Debug|Any CPU.Build.0 = Debug|Any CPU
		{8CF4DB9E-9093-4B17-BBA0-26E841F6FFD8}.Release|Any CPU.ActiveCfg = Release|Any CPU
		{8CF4DB9E-9093-4B17-BBA0-26E841F6FFD8}.Release|Any CPU.Build.0 = Release|Any CPU
	EndGlobalSection
	GlobalSection(SolutionProperties) = preSolution
		HideSolutionNode = FALSE
	EndGlobalSection
	GlobalSection(ExtensibilityGlobals) = postSolution
		SolutionGuid = {7AD195FF-588D-471B-A284-BA6AF7BA98E3}
	EndGlobalSection
EndGlobal
